// !$*UTF8*$!
{
	archiveVersion = 1;
	classes = {
	};
	objectVersion = 50;
	objects = {

/* Begin PBXBuildFile section */
		430D8BCE253BE54600172E83 /* CustomTabBar.swift in Sources */ = {isa = PBXBuildFile; fileRef = 430D8BCD253BE54600172E83 /* CustomTabBar.swift */; };
		430D8BD1253CF77900172E83 /* CustomCollectionViewCell.xib in Resources */ = {isa = PBXBuildFile; fileRef = 430D8BD0253CF77900172E83 /* CustomCollectionViewCell.xib */; };
		430D8BD3253CF91A00172E83 /* CustomCollectionViewCell.swift in Sources */ = {isa = PBXBuildFile; fileRef = 430D8BD2253CF91A00172E83 /* CustomCollectionViewCell.swift */; };
		434815892526AA7C0081979B /* AppDelegate.swift in Sources */ = {isa = PBXBuildFile; fileRef = 434815882526AA7C0081979B /* AppDelegate.swift */; };
		4348158B2526AA7C0081979B /* SceneDelegate.swift in Sources */ = {isa = PBXBuildFile; fileRef = 4348158A2526AA7C0081979B /* SceneDelegate.swift */; };
		4348158D2526AA7C0081979B /* ViewController.swift in Sources */ = {isa = PBXBuildFile; fileRef = 4348158C2526AA7C0081979B /* ViewController.swift */; };
		434815902526AA7C0081979B /* Main.storyboard in Resources */ = {isa = PBXBuildFile; fileRef = 4348158E2526AA7C0081979B /* Main.storyboard */; };
		434815922526AA7D0081979B /* Assets.xcassets in Resources */ = {isa = PBXBuildFile; fileRef = 434815912526AA7D0081979B /* Assets.xcassets */; };
		434815952526AA7D0081979B /* LaunchScreen.storyboard in Resources */ = {isa = PBXBuildFile; fileRef = 434815932526AA7D0081979B /* LaunchScreen.storyboard */; };
		434815A02526AA7E0081979B /* RestaurantesTests.swift in Sources */ = {isa = PBXBuildFile; fileRef = 4348159F2526AA7E0081979B /* RestaurantesTests.swift */; };
		434815AB2526AA7E0081979B /* RestaurantesUITests.swift in Sources */ = {isa = PBXBuildFile; fileRef = 434815AA2526AA7E0081979B /* RestaurantesUITests.swift */; };
		434815BD2527205D0081979B /* detailViewViewController.swift in Sources */ = {isa = PBXBuildFile; fileRef = 434815BB2527205D0081979B /* detailViewViewController.swift */; };
		434815BE2527205D0081979B /* detailViewViewController.xib in Resources */ = {isa = PBXBuildFile; fileRef = 434815BC2527205D0081979B /* detailViewViewController.xib */; };
		434815C125280FE60081979B /* HeaderView.xib in Resources */ = {isa = PBXBuildFile; fileRef = 434815C025280FE60081979B /* HeaderView.xib */; };
		434815C3252817200081979B /* HeaderView.swift in Sources */ = {isa = PBXBuildFile; fileRef = 434815C2252817200081979B /* HeaderView.swift */; };
		43A50F3125685E7600DD982C /* restaurantModel.swift in Sources */ = {isa = PBXBuildFile; fileRef = 43A50F3025685E7600DD982C /* restaurantModel.swift */; };
		43B028E2256FDB6600A09A65 /* PerfilViewController.swift in Sources */ = {isa = PBXBuildFile; fileRef = 43B028E1256FDB6600A09A65 /* PerfilViewController.swift */; };
		43CD24A9258277AC00AC718C /* PhotoCollectionCell.swift in Sources */ = {isa = PBXBuildFile; fileRef = 43CD24A7258277AB00AC718C /* PhotoCollectionCell.swift */; };
		43CD24AA258277AC00AC718C /* PhotoCollectionCell.xib in Resources */ = {isa = PBXBuildFile; fileRef = 43CD24A8258277AB00AC718C /* PhotoCollectionCell.xib */; };
		43D024C2252D3C2200A0C264 /* MapViewController.swift in Sources */ = {isa = PBXBuildFile; fileRef = 43D024C1252D3C2200A0C264 /* MapViewController.swift */; };
		43DE3C79253EE6E50076FA9E /* CustomCollectionView.swift in Sources */ = {isa = PBXBuildFile; fileRef = 43DE3C78253EE6E50076FA9E /* CustomCollectionView.swift */; };
/* End PBXBuildFile section */

/* Begin PBXContainerItemProxy section */
		4348159C2526AA7E0081979B /* PBXContainerItemProxy */ = {
			isa = PBXContainerItemProxy;
			containerPortal = 4348157D2526AA7C0081979B /* Project object */;
			proxyType = 1;
			remoteGlobalIDString = 434815842526AA7C0081979B;
			remoteInfo = Restaurantes;
		};
		434815A72526AA7E0081979B /* PBXContainerItemProxy */ = {
			isa = PBXContainerItemProxy;
			containerPortal = 4348157D2526AA7C0081979B /* Project object */;
			proxyType = 1;
			remoteGlobalIDString = 434815842526AA7C0081979B;
			remoteInfo = Restaurantes;
		};
/* End PBXContainerItemProxy section */

/* Begin PBXFileReference section */
		430D8BCD253BE54600172E83 /* CustomTabBar.swift */ = {isa = PBXFileReference; lastKnownFileType = sourcecode.swift; path = CustomTabBar.swift; sourceTree = "<group>"; };
		430D8BD0253CF77900172E83 /* CustomCollectionViewCell.xib */ = {isa = PBXFileReference; lastKnownFileType = file.xib; path = CustomCollectionViewCell.xib; sourceTree = "<group>"; };
		430D8BD2253CF91A00172E83 /* CustomCollectionViewCell.swift */ = {isa = PBXFileReference; lastKnownFileType = sourcecode.swift; path = CustomCollectionViewCell.swift; sourceTree = "<group>"; };
		434815852526AA7C0081979B /* Restaurantes.app */ = {isa = PBXFileReference; explicitFileType = wrapper.application; includeInIndex = 0; path = Restaurantes.app; sourceTree = BUILT_PRODUCTS_DIR; };
		434815882526AA7C0081979B /* AppDelegate.swift */ = {isa = PBXFileReference; lastKnownFileType = sourcecode.swift; path = AppDelegate.swift; sourceTree = "<group>"; };
		4348158A2526AA7C0081979B /* SceneDelegate.swift */ = {isa = PBXFileReference; lastKnownFileType = sourcecode.swift; path = SceneDelegate.swift; sourceTree = "<group>"; };
		4348158C2526AA7C0081979B /* ViewController.swift */ = {isa = PBXFileReference; lastKnownFileType = sourcecode.swift; path = ViewController.swift; sourceTree = "<group>"; };
		4348158F2526AA7C0081979B /* Base */ = {isa = PBXFileReference; lastKnownFileType = file.storyboard; name = Base; path = Base.lproj/Main.storyboard; sourceTree = "<group>"; };
		434815912526AA7D0081979B /* Assets.xcassets */ = {isa = PBXFileReference; lastKnownFileType = folder.assetcatalog; path = Assets.xcassets; sourceTree = "<group>"; };
		434815942526AA7D0081979B /* Base */ = {isa = PBXFileReference; lastKnownFileType = file.storyboard; name = Base; path = Base.lproj/LaunchScreen.storyboard; sourceTree = "<group>"; };
		434815962526AA7D0081979B /* Info.plist */ = {isa = PBXFileReference; lastKnownFileType = text.plist.xml; path = Info.plist; sourceTree = "<group>"; };
		4348159B2526AA7E0081979B /* RestaurantesTests.xctest */ = {isa = PBXFileReference; explicitFileType = wrapper.cfbundle; includeInIndex = 0; path = RestaurantesTests.xctest; sourceTree = BUILT_PRODUCTS_DIR; };
		4348159F2526AA7E0081979B /* RestaurantesTests.swift */ = {isa = PBXFileReference; lastKnownFileType = sourcecode.swift; path = RestaurantesTests.swift; sourceTree = "<group>"; };
		434815A12526AA7E0081979B /* Info.plist */ = {isa = PBXFileReference; lastKnownFileType = text.plist.xml; path = Info.plist; sourceTree = "<group>"; };
		434815A62526AA7E0081979B /* RestaurantesUITests.xctest */ = {isa = PBXFileReference; explicitFileType = wrapper.cfbundle; includeInIndex = 0; path = RestaurantesUITests.xctest; sourceTree = BUILT_PRODUCTS_DIR; };
		434815AA2526AA7E0081979B /* RestaurantesUITests.swift */ = {isa = PBXFileReference; lastKnownFileType = sourcecode.swift; path = RestaurantesUITests.swift; sourceTree = "<group>"; };
		434815AC2526AA7E0081979B /* Info.plist */ = {isa = PBXFileReference; lastKnownFileType = text.plist.xml; path = Info.plist; sourceTree = "<group>"; };
		434815BB2527205D0081979B /* detailViewViewController.swift */ = {isa = PBXFileReference; lastKnownFileType = sourcecode.swift; path = detailViewViewController.swift; sourceTree = "<group>"; };
		434815BC2527205D0081979B /* detailViewViewController.xib */ = {isa = PBXFileReference; lastKnownFileType = file.xib; path = detailViewViewController.xib; sourceTree = "<group>"; };
		434815C025280FE60081979B /* HeaderView.xib */ = {isa = PBXFileReference; lastKnownFileType = file.xib; path = HeaderView.xib; sourceTree = "<group>"; };
		434815C2252817200081979B /* HeaderView.swift */ = {isa = PBXFileReference; lastKnownFileType = sourcecode.swift; path = HeaderView.swift; sourceTree = "<group>"; };
		43A50F3025685E7600DD982C /* restaurantModel.swift */ = {isa = PBXFileReference; lastKnownFileType = sourcecode.swift; path = restaurantModel.swift; sourceTree = "<group>"; };
		43B028E1256FDB6600A09A65 /* PerfilViewController.swift */ = {isa = PBXFileReference; lastKnownFileType = sourcecode.swift; path = PerfilViewController.swift; sourceTree = "<group>"; };
		43CD24A7258277AB00AC718C /* PhotoCollectionCell.swift */ = {isa = PBXFileReference; lastKnownFileType = sourcecode.swift; path = PhotoCollectionCell.swift; sourceTree = "<group>"; };
		43CD24A8258277AB00AC718C /* PhotoCollectionCell.xib */ = {isa = PBXFileReference; lastKnownFileType = file.xib; path = PhotoCollectionCell.xib; sourceTree = "<group>"; };
		43D024C1252D3C2200A0C264 /* MapViewController.swift */ = {isa = PBXFileReference; lastKnownFileType = sourcecode.swift; path = MapViewController.swift; sourceTree = "<group>"; };
		43DE3C78253EE6E50076FA9E /* CustomCollectionView.swift */ = {isa = PBXFileReference; lastKnownFileType = sourcecode.swift; path = CustomCollectionView.swift; sourceTree = "<group>"; };
/* End PBXFileReference section */

/* Begin PBXFrameworksBuildPhase section */
		434815822526AA7C0081979B /* Frameworks */ = {
			isa = PBXFrameworksBuildPhase;
			buildActionMask = 2147483647;
			files = (
			);
			runOnlyForDeploymentPostprocessing = 0;
		};
		434815982526AA7E0081979B /* Frameworks */ = {
			isa = PBXFrameworksBuildPhase;
			buildActionMask = 2147483647;
			files = (
			);
			runOnlyForDeploymentPostprocessing = 0;
		};
		434815A32526AA7E0081979B /* Frameworks */ = {
			isa = PBXFrameworksBuildPhase;
			buildActionMask = 2147483647;
			files = (
			);
			runOnlyForDeploymentPostprocessing = 0;
		};
/* End PBXFrameworksBuildPhase section */

/* Begin PBXGroup section */
		430D84DB254964E700EEA023 /* firstView */ = {
			isa = PBXGroup;
			children = (
				4348158C2526AA7C0081979B /* ViewController.swift */,
				43A50F3025685E7600DD982C /* restaurantModel.swift */,
			);
			path = firstView;
			sourceTree = "<group>";
		};
		430D8BCC253BE51000172E83 /* CustomTabBar */ = {
			isa = PBXGroup;
			children = (
				430D8BCD253BE54600172E83 /* CustomTabBar.swift */,
			);
			path = CustomTabBar;
			sourceTree = "<group>";
		};
		430D8BCF253CF71B00172E83 /* CustomCollection */ = {
			isa = PBXGroup;
			children = (
				43DE3C77253EE6730076FA9E /* CustomCell */,
				43DE3C78253EE6E50076FA9E /* CustomCollectionView.swift */,
			);
			path = CustomCollection;
			sourceTree = "<group>";
		};
		4348157C2526AA7C0081979B = {
			isa = PBXGroup;
			children = (
				434815872526AA7C0081979B /* Restaurantes */,
				4348159E2526AA7E0081979B /* RestaurantesTests */,
				434815A92526AA7E0081979B /* RestaurantesUITests */,
				434815862526AA7C0081979B /* Products */,
			);
			sourceTree = "<group>";
		};
		434815862526AA7C0081979B /* Products */ = {
			isa = PBXGroup;
			children = (
				434815852526AA7C0081979B /* Restaurantes.app */,
				4348159B2526AA7E0081979B /* RestaurantesTests.xctest */,
				434815A62526AA7E0081979B /* RestaurantesUITests.xctest */,
			);
			name = Products;
			sourceTree = "<group>";
		};
		434815872526AA7C0081979B /* Restaurantes */ = {
			isa = PBXGroup;
			children = (
				434815882526AA7C0081979B /* AppDelegate.swift */,
				4348158A2526AA7C0081979B /* SceneDelegate.swift */,
				430D84DB254964E700EEA023 /* firstView */,
				4348158E2526AA7C0081979B /* Main.storyboard */,
				434815912526AA7D0081979B /* Assets.xcassets */,
				430D8BCF253CF71B00172E83 /* CustomCollection */,
				430D8BCC253BE51000172E83 /* CustomTabBar */,
				434815B8252720100081979B /* DetailView */,
				43B028E0256FDB4300A09A65 /* PerfilView */,
				43D024C0252D3BE700A0C264 /* MapView */,
				434815932526AA7D0081979B /* LaunchScreen.storyboard */,
				434815962526AA7D0081979B /* Info.plist */,
			);
			path = Restaurantes;
			sourceTree = "<group>";
		};
		4348159E2526AA7E0081979B /* RestaurantesTests */ = {
			isa = PBXGroup;
			children = (
				4348159F2526AA7E0081979B /* RestaurantesTests.swift */,
				434815A12526AA7E0081979B /* Info.plist */,
			);
			path = RestaurantesTests;
			sourceTree = "<group>";
		};
		434815A92526AA7E0081979B /* RestaurantesUITests */ = {
			isa = PBXGroup;
			children = (
				434815AA2526AA7E0081979B /* RestaurantesUITests.swift */,
				434815AC2526AA7E0081979B /* Info.plist */,
			);
			path = RestaurantesUITests;
			sourceTree = "<group>";
		};
		434815B8252720100081979B /* DetailView */ = {
			isa = PBXGroup;
			children = (
				434815BB2527205D0081979B /* detailViewViewController.swift */,
				434815BC2527205D0081979B /* detailViewViewController.xib */,
				434815BF25280F8D0081979B /* VIew */,
			);
			path = DetailView;
			sourceTree = "<group>";
		};
		434815BF25280F8D0081979B /* VIew */ = {
			isa = PBXGroup;
			children = (
				434815C025280FE60081979B /* HeaderView.xib */,
				434815C2252817200081979B /* HeaderView.swift */,
				43CD24A7258277AB00AC718C /* PhotoCollectionCell.swift */,
				43CD24A8258277AB00AC718C /* PhotoCollectionCell.xib */,
			);
			path = VIew;
			sourceTree = "<group>";
		};
		43B028E0256FDB4300A09A65 /* PerfilView */ = {
			isa = PBXGroup;
			children = (
				43B028E1256FDB6600A09A65 /* PerfilViewController.swift */,
			);
			path = PerfilView;
			sourceTree = "<group>";
		};
		43D024C0252D3BE700A0C264 /* MapView */ = {
			isa = PBXGroup;
			children = (
				43D024C1252D3C2200A0C264 /* MapViewController.swift */,
			);
			path = MapView;
			sourceTree = "<group>";
		};
		43DE3C77253EE6730076FA9E /* CustomCell */ = {
			isa = PBXGroup;
			children = (
				430D8BD0253CF77900172E83 /* CustomCollectionViewCell.xib */,
				430D8BD2253CF91A00172E83 /* CustomCollectionViewCell.swift */,
			);
			path = CustomCell;
			sourceTree = "<group>";
		};
/* End PBXGroup section */

/* Begin PBXNativeTarget section */
		434815842526AA7C0081979B /* Restaurantes */ = {
			isa = PBXNativeTarget;
			buildConfigurationList = 434815AF2526AA7E0081979B /* Build configuration list for PBXNativeTarget "Restaurantes" */;
			buildPhases = (
				434815812526AA7C0081979B /* Sources */,
				434815822526AA7C0081979B /* Frameworks */,
				434815832526AA7C0081979B /* Resources */,
			);
			buildRules = (
			);
			dependencies = (
			);
			name = Restaurantes;
			productName = Restaurantes;
			productReference = 434815852526AA7C0081979B /* Restaurantes.app */;
			productType = "com.apple.product-type.application";
		};
		4348159A2526AA7E0081979B /* RestaurantesTests */ = {
			isa = PBXNativeTarget;
			buildConfigurationList = 434815B22526AA7E0081979B /* Build configuration list for PBXNativeTarget "RestaurantesTests" */;
			buildPhases = (
				434815972526AA7E0081979B /* Sources */,
				434815982526AA7E0081979B /* Frameworks */,
				434815992526AA7E0081979B /* Resources */,
			);
			buildRules = (
			);
			dependencies = (
				4348159D2526AA7E0081979B /* PBXTargetDependency */,
			);
			name = RestaurantesTests;
			productName = RestaurantesTests;
			productReference = 4348159B2526AA7E0081979B /* RestaurantesTests.xctest */;
			productType = "com.apple.product-type.bundle.unit-test";
		};
		434815A52526AA7E0081979B /* RestaurantesUITests */ = {
			isa = PBXNativeTarget;
			buildConfigurationList = 434815B52526AA7E0081979B /* Build configuration list for PBXNativeTarget "RestaurantesUITests" */;
			buildPhases = (
				434815A22526AA7E0081979B /* Sources */,
				434815A32526AA7E0081979B /* Frameworks */,
				434815A42526AA7E0081979B /* Resources */,
			);
			buildRules = (
			);
			dependencies = (
				434815A82526AA7E0081979B /* PBXTargetDependency */,
			);
			name = RestaurantesUITests;
			productName = RestaurantesUITests;
			productReference = 434815A62526AA7E0081979B /* RestaurantesUITests.xctest */;
			productType = "com.apple.product-type.bundle.ui-testing";
		};
/* End PBXNativeTarget section */

/* Begin PBXProject section */
		4348157D2526AA7C0081979B /* Project object */ = {
			isa = PBXProject;
			attributes = {
				LastSwiftUpdateCheck = 1130;
				LastUpgradeCheck = 1130;
				ORGANIZATIONNAME = "Rafael Lehn Batista (P)";
				TargetAttributes = {
					434815842526AA7C0081979B = {
						CreatedOnToolsVersion = 11.3.1;
					};
					4348159A2526AA7E0081979B = {
						CreatedOnToolsVersion = 11.3.1;
						TestTargetID = 434815842526AA7C0081979B;
					};
					434815A52526AA7E0081979B = {
						CreatedOnToolsVersion = 11.3.1;
						TestTargetID = 434815842526AA7C0081979B;
					};
				};
			};
			buildConfigurationList = 434815802526AA7C0081979B /* Build configuration list for PBXProject "Restaurantes" */;
			compatibilityVersion = "Xcode 9.3";
			developmentRegion = en;
			hasScannedForEncodings = 0;
			knownRegions = (
				en,
				Base,
			);
			mainGroup = 4348157C2526AA7C0081979B;
			productRefGroup = 434815862526AA7C0081979B /* Products */;
			projectDirPath = "";
			projectRoot = "";
			targets = (
				434815842526AA7C0081979B /* Restaurantes */,
				4348159A2526AA7E0081979B /* RestaurantesTests */,
				434815A52526AA7E0081979B /* RestaurantesUITests */,
			);
		};
/* End PBXProject section */

/* Begin PBXResourcesBuildPhase section */
		434815832526AA7C0081979B /* Resources */ = {
			isa = PBXResourcesBuildPhase;
			buildActionMask = 2147483647;
			files = (
				43CD24AA258277AC00AC718C /* PhotoCollectionCell.xib in Resources */,
				434815952526AA7D0081979B /* LaunchScreen.storyboard in Resources */,
				430D8BD1253CF77900172E83 /* CustomCollectionViewCell.xib in Resources */,
				434815C125280FE60081979B /* HeaderView.xib in Resources */,
				434815922526AA7D0081979B /* Assets.xcassets in Resources */,
				434815BE2527205D0081979B /* detailViewViewController.xib in Resources */,
				434815902526AA7C0081979B /* Main.storyboard in Resources */,
			);
			runOnlyForDeploymentPostprocessing = 0;
		};
		434815992526AA7E0081979B /* Resources */ = {
			isa = PBXResourcesBuildPhase;
			buildActionMask = 2147483647;
			files = (
			);
			runOnlyForDeploymentPostprocessing = 0;
		};
		434815A42526AA7E0081979B /* Resources */ = {
			isa = PBXResourcesBuildPhase;
			buildActionMask = 2147483647;
			files = (
			);
			runOnlyForDeploymentPostprocessing = 0;
		};
/* End PBXResourcesBuildPhase section */

/* Begin PBXSourcesBuildPhase section */
		434815812526AA7C0081979B /* Sources */ = {
			isa = PBXSourcesBuildPhase;
			buildActionMask = 2147483647;
			files = (
				43DE3C79253EE6E50076FA9E /* CustomCollectionView.swift in Sources */,
				434815C3252817200081979B /* HeaderView.swift in Sources */,
				43A50F3125685E7600DD982C /* restaurantModel.swift in Sources */,
				43D024C2252D3C2200A0C264 /* MapViewController.swift in Sources */,
				43B028E2256FDB6600A09A65 /* PerfilViewController.swift in Sources */,
				430D8BCE253BE54600172E83 /* CustomTabBar.swift in Sources */,
				43CD24A9258277AC00AC718C /* PhotoCollectionCell.swift in Sources */,
				4348158D2526AA7C0081979B /* ViewController.swift in Sources */,
				434815892526AA7C0081979B /* AppDelegate.swift in Sources */,
				434815BD2527205D0081979B /* detailViewViewController.swift in Sources */,
				4348158B2526AA7C0081979B /* SceneDelegate.swift in Sources */,
				430D8BD3253CF91A00172E83 /* CustomCollectionViewCell.swift in Sources */,
			);
			runOnlyForDeploymentPostprocessing = 0;
		};
		434815972526AA7E0081979B /* Sources */ = {
			isa = PBXSourcesBuildPhase;
			buildActionMask = 2147483647;
			files = (
				434815A02526AA7E0081979B /* RestaurantesTests.swift in Sources */,
			);
			runOnlyForDeploymentPostprocessing = 0;
		};
		434815A22526AA7E0081979B /* Sources */ = {
			isa = PBXSourcesBuildPhase;
			buildActionMask = 2147483647;
			files = (
				434815AB2526AA7E0081979B /* RestaurantesUITests.swift in Sources */,
			);
			runOnlyForDeploymentPostprocessing = 0;
		};
/* End PBXSourcesBuildPhase section */

/* Begin PBXTargetDependency section */
		4348159D2526AA7E0081979B /* PBXTargetDependency */ = {
			isa = PBXTargetDependency;
			target = 434815842526AA7C0081979B /* Restaurantes */;
			targetProxy = 4348159C2526AA7E0081979B /* PBXContainerItemProxy */;
		};
		434815A82526AA7E0081979B /* PBXTargetDependency */ = {
			isa = PBXTargetDependency;
			target = 434815842526AA7C0081979B /* Restaurantes */;
			targetProxy = 434815A72526AA7E0081979B /* PBXContainerItemProxy */;
		};
/* End PBXTargetDependency section */

/* Begin PBXVariantGroup section */
		4348158E2526AA7C0081979B /* Main.storyboard */ = {
			isa = PBXVariantGroup;
			children = (
				4348158F2526AA7C0081979B /* Base */,
			);
			name = Main.storyboard;
			sourceTree = "<group>";
		};
		434815932526AA7D0081979B /* LaunchScreen.storyboard */ = {
			isa = PBXVariantGroup;
			children = (
				434815942526AA7D0081979B /* Base */,
			);
			name = LaunchScreen.storyboard;
			sourceTree = "<group>";
		};
/* End PBXVariantGroup section */

/* Begin XCBuildConfiguration section */
		434815AD2526AA7E0081979B /* Debug */ = {
			isa = XCBuildConfiguration;
			buildSettings = {
				ALWAYS_SEARCH_USER_PATHS = NO;
				CLANG_ANALYZER_NONNULL = YES;
				CLANG_ANALYZER_NUMBER_OBJECT_CONVERSION = YES_AGGRESSIVE;
				CLANG_CXX_LANGUAGE_STANDARD = "gnu++14";
				CLANG_CXX_LIBRARY = "libc++";
				CLANG_ENABLE_MODULES = YES;
				CLANG_ENABLE_OBJC_ARC = YES;
				CLANG_ENABLE_OBJC_WEAK = YES;
				CLANG_WARN_BLOCK_CAPTURE_AUTORELEASING = YES;
				CLANG_WARN_BOOL_CONVERSION = YES;
				CLANG_WARN_COMMA = YES;
				CLANG_WARN_CONSTANT_CONVERSION = YES;
				CLANG_WARN_DEPRECATED_OBJC_IMPLEMENTATIONS = YES;
				CLANG_WARN_DIRECT_OBJC_ISA_USAGE = YES_ERROR;
				CLANG_WARN_DOCUMENTATION_COMMENTS = YES;
				CLANG_WARN_EMPTY_BODY = YES;
				CLANG_WARN_ENUM_CONVERSION = YES;
				CLANG_WARN_INFINITE_RECURSION = YES;
				CLANG_WARN_INT_CONVERSION = YES;
				CLANG_WARN_NON_LITERAL_NULL_CONVERSION = YES;
				CLANG_WARN_OBJC_IMPLICIT_RETAIN_SELF = YES;
				CLANG_WARN_OBJC_LITERAL_CONVERSION = YES;
				CLANG_WARN_OBJC_ROOT_CLASS = YES_ERROR;
				CLANG_WARN_RANGE_LOOP_ANALYSIS = YES;
				CLANG_WARN_STRICT_PROTOTYPES = YES;
				CLANG_WARN_SUSPICIOUS_MOVE = YES;
				CLANG_WARN_UNGUARDED_AVAILABILITY = YES_AGGRESSIVE;
				CLANG_WARN_UNREACHABLE_CODE = YES;
				CLANG_WARN__DUPLICATE_METHOD_MATCH = YES;
				COPY_PHASE_STRIP = NO;
				DEBUG_INFORMATION_FORMAT = dwarf;
				ENABLE_STRICT_OBJC_MSGSEND = YES;
				ENABLE_TESTABILITY = YES;
				GCC_C_LANGUAGE_STANDARD = gnu11;
				GCC_DYNAMIC_NO_PIC = NO;
				GCC_NO_COMMON_BLOCKS = YES;
				GCC_OPTIMIZATION_LEVEL = 0;
				GCC_PREPROCESSOR_DEFINITIONS = (
					"DEBUG=1",
					"$(inherited)",
				);
				GCC_WARN_64_TO_32_BIT_CONVERSION = YES;
				GCC_WARN_ABOUT_RETURN_TYPE = YES_ERROR;
				GCC_WARN_UNDECLARED_SELECTOR = YES;
				GCC_WARN_UNINITIALIZED_AUTOS = YES_AGGRESSIVE;
				GCC_WARN_UNUSED_FUNCTION = YES;
				GCC_WARN_UNUSED_VARIABLE = YES;
				IPHONEOS_DEPLOYMENT_TARGET = 13.2;
				MTL_ENABLE_DEBUG_INFO = INCLUDE_SOURCE;
				MTL_FAST_MATH = YES;
				ONLY_ACTIVE_ARCH = YES;
				SDKROOT = iphoneos;
				SWIFT_ACTIVE_COMPILATION_CONDITIONS = DEBUG;
				SWIFT_OPTIMIZATION_LEVEL = "-Onone";
			};
			name = Debug;
		};
		434815AE2526AA7E0081979B /* Release */ = {
			isa = XCBuildConfiguration;
			buildSettings = {
				ALWAYS_SEARCH_USER_PATHS = NO;
				CLANG_ANALYZER_NONNULL = YES;
				CLANG_ANALYZER_NUMBER_OBJECT_CONVERSION = YES_AGGRESSIVE;
				CLANG_CXX_LANGUAGE_STANDARD = "gnu++14";
				CLANG_CXX_LIBRARY = "libc++";
				CLANG_ENABLE_MODULES = YES;
				CLANG_ENABLE_OBJC_ARC = YES;
				CLANG_ENABLE_OBJC_WEAK = YES;
				CLANG_WARN_BLOCK_CAPTURE_AUTORELEASING = YES;
				CLANG_WARN_BOOL_CONVERSION = YES;
				CLANG_WARN_COMMA = YES;
				CLANG_WARN_CONSTANT_CONVERSION = YES;
				CLANG_WARN_DEPRECATED_OBJC_IMPLEMENTATIONS = YES;
				CLANG_WARN_DIRECT_OBJC_ISA_USAGE = YES_ERROR;
				CLANG_WARN_DOCUMENTATION_COMMENTS = YES;
				CLANG_WARN_EMPTY_BODY = YES;
				CLANG_WARN_ENUM_CONVERSION = YES;
				CLANG_WARN_INFINITE_RECURSION = YES;
				CLANG_WARN_INT_CONVERSION = YES;
				CLANG_WARN_NON_LITERAL_NULL_CONVERSION = YES;
				CLANG_WARN_OBJC_IMPLICIT_RETAIN_SELF = YES;
				CLANG_WARN_OBJC_LITERAL_CONVERSION = YES;
				CLANG_WARN_OBJC_ROOT_CLASS = YES_ERROR;
				CLANG_WARN_RANGE_LOOP_ANALYSIS = YES;
				CLANG_WARN_STRICT_PROTOTYPES = YES;
				CLANG_WARN_SUSPICIOUS_MOVE = YES;
				CLANG_WARN_UNGUARDED_AVAILABILITY = YES_AGGRESSIVE;
				CLANG_WARN_UNREACHABLE_CODE = YES;
				CLANG_WARN__DUPLICATE_METHOD_MATCH = YES;
				COPY_PHASE_STRIP = NO;
				DEBUG_INFORMATION_FORMAT = "dwarf-with-dsym";
				ENABLE_NS_ASSERTIONS = NO;
				ENABLE_STRICT_OBJC_MSGSEND = YES;
				GCC_C_LANGUAGE_STANDARD = gnu11;
				GCC_NO_COMMON_BLOCKS = YES;
				GCC_WARN_64_TO_32_BIT_CONVERSION = YES;
				GCC_WARN_ABOUT_RETURN_TYPE = YES_ERROR;
				GCC_WARN_UNDECLARED_SELECTOR = YES;
				GCC_WARN_UNINITIALIZED_AUTOS = YES_AGGRESSIVE;
				GCC_WARN_UNUSED_FUNCTION = YES;
				GCC_WARN_UNUSED_VARIABLE = YES;
				IPHONEOS_DEPLOYMENT_TARGET = 13.2;
				MTL_ENABLE_DEBUG_INFO = NO;
				MTL_FAST_MATH = YES;
				SDKROOT = iphoneos;
				SWIFT_COMPILATION_MODE = wholemodule;
				SWIFT_OPTIMIZATION_LEVEL = "-O";
				VALIDATE_PRODUCT = YES;
			};
			name = Release;
		};
		434815B02526AA7E0081979B /* Debug */ = {
			isa = XCBuildConfiguration;
			buildSettings = {
				ASSETCATALOG_COMPILER_APPICON_NAME = AppIcon;
				CODE_SIGN_STYLE = Automatic;
				INFOPLIST_FILE = Restaurantes/Info.plist;
				LD_RUNPATH_SEARCH_PATHS = (
					"$(inherited)",
					"@executable_path/Frameworks",
				);
				PRODUCT_BUNDLE_IDENTIFIER = "rafael-batista.Restaurantes";
				PRODUCT_NAME = "$(TARGET_NAME)";
				SWIFT_VERSION = 5.0;
				TARGETED_DEVICE_FAMILY = "1,2";
			};
			name = Debug;
		};
		434815B12526AA7E0081979B /* Release */ = {
			isa = XCBuildConfiguration;
			buildSettings = {
				ASSETCATALOG_COMPILER_APPICON_NAME = AppIcon;
				CODE_SIGN_STYLE = Automatic;
				INFOPLIST_FILE = Restaurantes/Info.plist;
				LD_RUNPATH_SEARCH_PATHS = (
					"$(inherited)",
					"@executable_path/Frameworks",
				);
				PRODUCT_BUNDLE_IDENTIFIER = "rafael-batista.Restaurantes";
				PRODUCT_NAME = "$(TARGET_NAME)";
				SWIFT_VERSION = 5.0;
				TARGETED_DEVICE_FAMILY = "1,2";
			};
			name = Release;
		};
		434815B32526AA7E0081979B /* Debug */ = {
			isa = XCBuildConfiguration;
			buildSettings = {
				ALWAYS_EMBED_SWIFT_STANDARD_LIBRARIES = YES;
				BUNDLE_LOADER = "$(TEST_HOST)";
				CODE_SIGN_STYLE = Automatic;
				INFOPLIST_FILE = RestaurantesTests/Info.plist;
				IPHONEOS_DEPLOYMENT_TARGET = 13.2;
				LD_RUNPATH_SEARCH_PATHS = (
					"$(inherited)",
					"@executable_path/Frameworks",
					"@loader_path/Frameworks",
				);
				PRODUCT_BUNDLE_IDENTIFIER = "rafael-batista.RestaurantesTests";
				PRODUCT_NAME = "$(TARGET_NAME)";
				SWIFT_VERSION = 5.0;
				TARGETED_DEVICE_FAMILY = "1,2";
				TEST_HOST = "$(BUILT_PRODUCTS_DIR)/Restaurantes.app/Restaurantes";
			};
			name = Debug;
		};
		434815B42526AA7E0081979B /* Release */ = {
			isa = XCBuildConfiguration;
			buildSettings = {
				ALWAYS_EMBED_SWIFT_STANDARD_LIBRARIES = YES;
				BUNDLE_LOADER = "$(TEST_HOST)";
				CODE_SIGN_STYLE = Automatic;
				INFOPLIST_FILE = RestaurantesTests/Info.plist;
				IPHONEOS_DEPLOYMENT_TARGET = 13.2;
				LD_RUNPATH_SEARCH_PATHS = (
					"$(inherited)",
					"@executable_path/Frameworks",
					"@loader_path/Frameworks",
				);
				PRODUCT_BUNDLE_IDENTIFIER = "rafael-batista.RestaurantesTests";
				PRODUCT_NAME = "$(TARGET_NAME)";
				SWIFT_VERSION = 5.0;
				TARGETED_DEVICE_FAMILY = "1,2";
				TEST_HOST = "$(BUILT_PRODUCTS_DIR)/Restaurantes.app/Restaurantes";
			};
			name = Release;
		};
		434815B62526AA7E0081979B /* Debug */ = {
			isa = XCBuildConfiguration;
			buildSettings = {
				ALWAYS_EMBED_SWIFT_STANDARD_LIBRARIES = YES;
				CODE_SIGN_STYLE = Automatic;
				INFOPLIST_FILE = RestaurantesUITests/Info.plist;
				LD_RUNPATH_SEARCH_PATHS = (
					"$(inherited)",
					"@executable_path/Frameworks",
					"@loader_path/Frameworks",
				);
				PRODUCT_BUNDLE_IDENTIFIER = "rafael-batista.RestaurantesUITests";
				PRODUCT_NAME = "$(TARGET_NAME)";
				SWIFT_VERSION = 5.0;
				TARGETED_DEVICE_FAMILY = "1,2";
				TEST_TARGET_NAME = Restaurantes;
			};
			name = Debug;
		};
		434815B72526AA7E0081979B /* Release */ = {
			isa = XCBuildConfiguration;
			buildSettings = {
				ALWAYS_EMBED_SWIFT_STANDARD_LIBRARIES = YES;
				CODE_SIGN_STYLE = Automatic;
				INFOPLIST_FILE = RestaurantesUITests/Info.plist;
				LD_RUNPATH_SEARCH_PATHS = (
					"$(inherited)",
					"@executable_path/Frameworks",
					"@loader_path/Frameworks",
				);
				PRODUCT_BUNDLE_IDENTIFIER = "rafael-batista.RestaurantesUITests";
				PRODUCT_NAME = "$(TARGET_NAME)";
				SWIFT_VERSION = 5.0;
				TARGETED_DEVICE_FAMILY = "1,2";
				TEST_TARGET_NAME = Restaurantes;
			};
			name = Release;
		};
/* End XCBuildConfiguration section */

/* Begin XCConfigurationList section */
		434815802526AA7C0081979B /* Build configuration list for PBXProject "Restaurantes" */ = {
			isa = XCConfigurationList;
			buildConfigurations = (
				434815AD2526AA7E0081979B /* Debug */,
				434815AE2526AA7E0081979B /* Release */,
			);
			defaultConfigurationIsVisible = 0;
			defaultConfigurationName = Release;
		};
		434815AF2526AA7E0081979B /* Build configuration list for PBXNativeTarget "Restaurantes" */ = {
			isa = XCConfigurationList;
			buildConfigurations = (
				434815B02526AA7E0081979B /* Debug */,
				434815B12526AA7E0081979B /* Release */,
			);
			defaultConfigurationIsVisible = 0;
			defaultConfigurationName = Release;
		};
		434815B22526AA7E0081979B /* Build configuration list for PBXNativeTarget "RestaurantesTests" */ = {
			isa = XCConfigurationList;
			buildConfigurations = (
				434815B32526AA7E0081979B /* Debug */,
				434815B42526AA7E0081979B /* Release */,
			);
			defaultConfigurationIsVisible = 0;
			defaultConfigurationName = Release;
		};
		434815B52526AA7E0081979B /* Build configuration list for PBXNativeTarget "RestaurantesUITests" */ = {
			isa = XCConfigurationList;
			buildConfigurations = (
				434815B62526AA7E0081979B /* Debug */,
				434815B72526AA7E0081979B /* Release */,
			);
			defaultConfigurationIsVisible = 0;
			defaultConfigurationName = Release;
		};
/* End XCConfigurationList section */
	};
	rootObject = 4348157D2526AA7C0081979B /* Project object */;
}
